// !$*UTF8*$!
{
	archiveVersion = 1;
	classes = {
	};
	objectVersion = 77;
	objects = {

/* Begin PBXBuildFile section */
		02730749334AD84DBB6090A2 /* Assets.xcassets in Resources */ = {isa = PBXBuildFile; fileRef = 2EF80F2C718D4DB426BDE8CB /* Assets.xcassets */; };
		02CF851EAB0F2698224C2F07 /* SettingsView.swift in Sources */ = {isa = PBXBuildFile; fileRef = B4BC314599411E2714945DF1 /* SettingsView.swift */; };
		07F9853491F1865895F39F54 /* CodexAppServerClient.swift in Sources */ = {isa = PBXBuildFile; fileRef = 5856E5762E4499E0E050427C /* CodexAppServerClient.swift */; };
		108BD422317D69E4766A2634 /* Apache-2.0.txt in Resources */ = {isa = PBXBuildFile; fileRef = EC8F637514C7B381A8BC5CEF /* Apache-2.0.txt */; };
		111C4AB6364BB6B619B0A5C5 /* QuotaBarCore.framework in Embed Frameworks */ = {isa = PBXBuildFile; fileRef = E40E7FDEA7F28E44A92A39ED /* QuotaBarCore.framework */; settings = {ATTRIBUTES = (CodeSignOnCopy, RemoveHeadersOnCopy, ); }; };
		175BB74DB8FA3D5786CFB5F3 /* THIRD_PARTY_NOTICES.md in Resources */ = {isa = PBXBuildFile; fileRef = 6E92339C0EA4B844E2436219 /* THIRD_PARTY_NOTICES.md */; };
		3CC15BA288D31ECD55C792C7 /* QuotaBarCore.framework in Embed Frameworks */ = {isa = PBXBuildFile; fileRef = E40E7FDEA7F28E44A92A39ED /* QuotaBarCore.framework */; settings = {ATTRIBUTES = (CodeSignOnCopy, RemoveHeadersOnCopy, ); }; };
		3DC9F428F4026092684DC0B3 /* QuotaBarCore.framework in Frameworks */ = {isa = PBXBuildFile; fileRef = E40E7FDEA7F28E44A92A39ED /* QuotaBarCore.framework */; };
		4A27278C53638FAFA6ED0814 /* AppModel.swift in Sources */ = {isa = PBXBuildFile; fileRef = 68E1A8AF26E1E383E8431A67 /* AppModel.swift */; };
		5C78992FD039E3168DA1F2EC /* sponsor-alipay.jpg in Resources */ = {isa = PBXBuildFile; fileRef = B16E9F74B744B325733A0BB8 /* sponsor-alipay.jpg */; };
		5E752AF984CCE8CFE2991C3D /* SponsorView.swift in Sources */ = {isa = PBXBuildFile; fileRef = 1404B3E847ED3A47C7192600 /* SponsorView.swift */; };
		73220FB6F04BA44AD4FA7093 /* QuotaBarCore.framework in Frameworks */ = {isa = PBXBuildFile; fileRef = E40E7FDEA7F28E44A92A39ED /* QuotaBarCore.framework */; };
		8B00F34D4400FDDF1BE77E46 /* PrivacyInfo.xcprivacy in Resources */ = {isa = PBXBuildFile; fileRef = 71F48D9DD5AB480ECEF52F1B /* PrivacyInfo.xcprivacy */; };
		98C91B07E2D950276074CCE7 /* RateLimitModels.swift in Sources */ = {isa = PBXBuildFile; fileRef = E9D313E4D9F930A6335A4F02 /* RateLimitModels.swift */; };
		98F7E845AAC2EE462874977F /* RateLimitParserTests.swift in Sources */ = {isa = PBXBuildFile; fileRef = 1F8CB7CD99373D6B76022421 /* RateLimitParserTests.swift */; };
		9E1803870308D04499FF92AB /* MenuContentView.swift in Sources */ = {isa = PBXBuildFile; fileRef = 6AED7CEB720D1697125C7473 /* MenuContentView.swift */; };
		B71449D4A684EC7E7A4A05BC /* QuotaBarApp.swift in Sources */ = {isa = PBXBuildFile; fileRef = 76E1D5EDC94FB144E202BD8B /* QuotaBarApp.swift */; };
		BE496B74C9C7B8FA2A850451 /* JSONValue.swift in Sources */ = {isa = PBXBuildFile; fileRef = AE2DA87046962E2ED3059F65 /* JSONValue.swift */; };
		E020D2FCC47579335DA8E842 /* sponsor-wechat.jpg in Resources */ = {isa = PBXBuildFile; fileRef = B5002651F0421AE197346C29 /* sponsor-wechat.jpg */; };
/* End PBXBuildFile section */

/* Begin PBXContainerItemProxy section */
		6CA2CF7747DD3843CF0DBBBF /* PBXContainerItemProxy */ = {
			isa = PBXContainerItemProxy;
			containerPortal = A3C68224B67F079DDA7707DD /* Project object */;
			proxyType = 1;
			remoteGlobalIDString = 005D79EC49875AFDEC9D3979;
			remoteInfo = QuotaBarCore;
		};
		73D7FD5E4015415DD6E35CE2 /* PBXContainerItemProxy */ = {
			isa = PBXContainerItemProxy;
			containerPortal = A3C68224B67F079DDA7707DD /* Project object */;
			proxyType = 1;
			remoteGlobalIDString = 005D79EC49875AFDEC9D3979;
			remoteInfo = QuotaBarCore;
		};
/* End PBXContainerItemProxy section */

/* Begin PBXCopyFilesBuildPhase section */
		F4C6FA207F677EAF67116A79 /* Embed Frameworks */ = {
			isa = PBXCopyFilesBuildPhase;
			buildActionMask = 2147483647;
			dstPath = "";
			dstSubfolderSpec = 10;
			files = (
				3CC15BA288D31ECD55C792C7 /* QuotaBarCore.framework in Embed Frameworks */,
			);
			name = "Embed Frameworks";
			runOnlyForDeploymentPostprocessing = 0;
		};
		FAC37D5CFAA2D0FF4987937C /* Embed Frameworks */ = {
			isa = PBXCopyFilesBuildPhase;
			buildActionMask = 2147483647;
			dstPath = "";
			dstSubfolderSpec = 10;
			files = (
				111C4AB6364BB6B619B0A5C5 /* QuotaBarCore.framework in Embed Frameworks */,
			);
			name = "Embed Frameworks";
			runOnlyForDeploymentPostprocessing = 0;
		};
/* End PBXCopyFilesBuildPhase section */

/* Begin PBXFileReference section */
		0491187D32E41A7DF22BD198 /* QuotaBar.entitlements */ = {isa = PBXFileReference; lastKnownFileType = text.plist.entitlements; path = QuotaBar.entitlements; sourceTree = "<group>"; };
		1404B3E847ED3A47C7192600 /* SponsorView.swift */ = {isa = PBXFileReference; lastKnownFileType = sourcecode.swift; path = SponsorView.swift; sourceTree = "<group>"; };
		1F8CB7CD99373D6B76022421 /* RateLimitParserTests.swift */ = {isa = PBXFileReference; lastKnownFileType = sourcecode.swift; path = RateLimitParserTests.swift; sourceTree = "<group>"; };
		2EF80F2C718D4DB426BDE8CB /* Assets.xcassets */ = {isa = PBXFileReference; lastKnownFileType = folder.assetcatalog; path = Assets.xcassets; sourceTree = "<group>"; };
		340D75FE53988F42B67F78C3 /* QuotaBar.app */ = {isa = PBXFileReference; explicitFileType = wrapper.application; includeInIndex = 0; path = QuotaBar.app; sourceTree = BUILT_PRODUCTS_DIR; };
		5856E5762E4499E0E050427C /* CodexAppServerClient.swift */ = {isa = PBXFileReference; lastKnownFileType = sourcecode.swift; path = CodexAppServerClient.swift; sourceTree = "<group>"; };
		68E1A8AF26E1E383E8431A67 /* AppModel.swift */ = {isa = PBXFileReference; lastKnownFileType = sourcecode.swift; path = AppModel.swift; sourceTree = "<group>"; };
		6AED7CEB720D1697125C7473 /* MenuContentView.swift */ = {isa = PBXFileReference; lastKnownFileType = sourcecode.swift; path = MenuContentView.swift; sourceTree = "<group>"; };
		6E92339C0EA4B844E2436219 /* THIRD_PARTY_NOTICES.md */ = {isa = PBXFileReference; lastKnownFileType = net.daringfireball.markdown; path = THIRD_PARTY_NOTICES.md; sourceTree = "<group>"; };
		71F48D9DD5AB480ECEF52F1B /* PrivacyInfo.xcprivacy */ = {isa = PBXFileReference; path = PrivacyInfo.xcprivacy; sourceTree = "<group>"; };
		76E1D5EDC94FB144E202BD8B /* QuotaBarApp.swift */ = {isa = PBXFileReference; lastKnownFileType = sourcecode.swift; path = QuotaBarApp.swift; sourceTree = "<group>"; };
		77DDE3E1B387B45E990500E8 /* Info.plist */ = {isa = PBXFileReference; lastKnownFileType = text.plist; path = Info.plist; sourceTree = "<group>"; };
		8ECC877B4D0DB2557ED48704 /* Helper.entitlements */ = {isa = PBXFileReference; lastKnownFileType = text.plist.entitlements; path = Helper.entitlements; sourceTree = "<group>"; };
		AE2DA87046962E2ED3059F65 /* JSONValue.swift */ = {isa = PBXFileReference; lastKnownFileType = sourcecode.swift; path = JSONValue.swift; sourceTree = "<group>"; };
		B16E9F74B744B325733A0BB8 /* sponsor-alipay.jpg */ = {isa = PBXFileReference; lastKnownFileType = image.jpeg; path = "sponsor-alipay.jpg"; sourceTree = "<group>"; };
		B4BC314599411E2714945DF1 /* SettingsView.swift */ = {isa = PBXFileReference; lastKnownFileType = sourcecode.swift; path = SettingsView.swift; sourceTree = "<group>"; };
		B5002651F0421AE197346C29 /* sponsor-wechat.jpg */ = {isa = PBXFileReference; lastKnownFileType = image.jpeg; path = "sponsor-wechat.jpg"; sourceTree = "<group>"; };
		E0ED25351825E3ED779CA09E /* QuotaBarCoreTests.xctest */ = {isa = PBXFileReference; explicitFileType = wrapper.cfbundle; includeInIndex = 0; path = QuotaBarCoreTests.xctest; sourceTree = BUILT_PRODUCTS_DIR; };
		E40E7FDEA7F28E44A92A39ED /* QuotaBarCore.framework */ = {isa = PBXFileReference; explicitFileType = wrapper.framework; includeInIndex = 0; path = QuotaBarCore.framework; sourceTree = BUILT_PRODUCTS_DIR; };
		E9D313E4D9F930A6335A4F02 /* RateLimitModels.swift */ = {isa = PBXFileReference; lastKnownFileType = sourcecode.swift; path = RateLimitModels.swift; sourceTree = "<group>"; };
		EC8F637514C7B381A8BC5CEF /* Apache-2.0.txt */ = {isa = PBXFileReference; lastKnownFileType = text; path = "Apache-2.0.txt"; sourceTree = "<group>"; };
/* End PBXFileReference section */

/* Begin PBXFrameworksBuildPhase section */
		20D3C42E612C4E0E8552F7C4 /* Frameworks */ = {
			isa = PBXFrameworksBuildPhase;
			buildActionMask = 2147483647;
			files = (
				73220FB6F04BA44AD4FA7093 /* QuotaBarCore.framework in Frameworks */,
			);
			runOnlyForDeploymentPostprocessing = 0;
		};
		B26D9C1D1535CE40159B4140 /* Frameworks */ = {
			isa = PBXFrameworksBuildPhase;
			buildActionMask = 2147483647;
			files = (
				3DC9F428F4026092684DC0B3 /* QuotaBarCore.framework in Frameworks */,
			);
			runOnlyForDeploymentPostprocessing = 0;
		};
/* End PBXFrameworksBuildPhase section */

/* Begin PBXGroup section */
		180C64A13589799678C33C46 /* Legal */ = {
			isa = PBXGroup;
			children = (
				EC8F637514C7B381A8BC5CEF /* Apache-2.0.txt */,
				6E92339C0EA4B844E2436219 /* THIRD_PARTY_NOTICES.md */,
			);
			path = Legal;
			sourceTree = "<group>";
		};
		39F8D35291BFD2E9FA254458 /* QuotaBarCoreTests */ = {
			isa = PBXGroup;
			children = (
				1F8CB7CD99373D6B76022421 /* RateLimitParserTests.swift */,
			);
			name = QuotaBarCoreTests;
			path = Tests/QuotaBarCoreTests;
			sourceTree = "<group>";
		};
		54DDD476450BB697DE825D75 /* Config */ = {
			isa = PBXGroup;
			children = (
				8ECC877B4D0DB2557ED48704 /* Helper.entitlements */,
				77DDE3E1B387B45E990500E8 /* Info.plist */,
				0491187D32E41A7DF22BD198 /* QuotaBar.entitlements */,
			);
			path = Config;
			sourceTree = "<group>";
		};
		86EEC0ABD1A556BC49FD78F7 /* Products */ = {
			isa = PBXGroup;
			children = (
				340D75FE53988F42B67F78C3 /* QuotaBar.app */,
				E40E7FDEA7F28E44A92A39ED /* QuotaBarCore.framework */,
				E0ED25351825E3ED779CA09E /* QuotaBarCoreTests.xctest */,
			);
			name = Products;
			sourceTree = "<group>";
		};
		9270C760F3B4B0D3EAA88776 /* QuotaBarCore */ = {
			isa = PBXGroup;
			children = (
				AE2DA87046962E2ED3059F65 /* JSONValue.swift */,
				E9D313E4D9F930A6335A4F02 /* RateLimitModels.swift */,
			);
			name = QuotaBarCore;
			path = Sources/QuotaBarCore;
			sourceTree = "<group>";
		};
		95733517431B0CA7FA4CE165 /* Resources */ = {
			isa = PBXGroup;
			children = (
				180C64A13589799678C33C46 /* Legal */,
				D1A1CDC32AB36D678995AC94 /* Sponsors */,
				2EF80F2C718D4DB426BDE8CB /* Assets.xcassets */,
				71F48D9DD5AB480ECEF52F1B /* PrivacyInfo.xcprivacy */,
			);
			name = Resources;
			path = Sources/QuotaBar/Resources;
			sourceTree = "<group>";
		};
		9DFE3A5EDD8BD856A58F2669 = {
			isa = PBXGroup;
			children = (
				54DDD476450BB697DE825D75 /* Config */,
				F030F11EF9792A4C5525CEE2 /* QuotaBar */,
				9270C760F3B4B0D3EAA88776 /* QuotaBarCore */,
				39F8D35291BFD2E9FA254458 /* QuotaBarCoreTests */,
				95733517431B0CA7FA4CE165 /* Resources */,
				86EEC0ABD1A556BC49FD78F7 /* Products */,
			);
			sourceTree = "<group>";
		};
		D1A1CDC32AB36D678995AC94 /* Sponsors */ = {
			isa = PBXGroup;
			children = (
				B16E9F74B744B325733A0BB8 /* sponsor-alipay.jpg */,
				B5002651F0421AE197346C29 /* sponsor-wechat.jpg */,
			);
			path = Sponsors;
			sourceTree = "<group>";
		};
		F030F11EF9792A4C5525CEE2 /* QuotaBar */ = {
			isa = PBXGroup;
			children = (
				68E1A8AF26E1E383E8431A67 /* AppModel.swift */,
				5856E5762E4499E0E050427C /* CodexAppServerClient.swift */,
				6AED7CEB720D1697125C7473 /* MenuContentView.swift */,
				76E1D5EDC94FB144E202BD8B /* QuotaBarApp.swift */,
				B4BC314599411E2714945DF1 /* SettingsView.swift */,
				1404B3E847ED3A47C7192600 /* SponsorView.swift */,
			);
			name = QuotaBar;
			path = Sources/QuotaBar;
			sourceTree = "<group>";
		};
/* End PBXGroup section */

/* Begin PBXNativeTarget section */
		005D79EC49875AFDEC9D3979 /* QuotaBarCore */ = {
			isa = PBXNativeTarget;
			buildConfigurationList = ECB6CBB7B202EFDE8890AD7F /* Build configuration list for PBXNativeTarget "QuotaBarCore" */;
			buildPhases = (
				08C64308AEDA8F1F17D9A348 /* Sources */,
			);
			buildRules = (
			);
			dependencies = (
			);
			name = QuotaBarCore;
			packageProductDependencies = (
			);
			productName = QuotaBarCore;
			productReference = E40E7FDEA7F28E44A92A39ED /* QuotaBarCore.framework */;
			productType = "com.apple.product-type.framework";
		};
		2F10F16BFB671337B01B5E21 /* QuotaBarCoreTests */ = {
			isa = PBXNativeTarget;
			buildConfigurationList = AF629E11039861CF32340D6F /* Build configuration list for PBXNativeTarget "QuotaBarCoreTests" */;
			buildPhases = (
				FB56551BD0F7D0E1FF4EB006 /* Sources */,
				20D3C42E612C4E0E8552F7C4 /* Frameworks */,
				FAC37D5CFAA2D0FF4987937C /* Embed Frameworks */,
			);
			buildRules = (
			);
			dependencies = (
				856EE0A9EE186931519A8AEB /* PBXTargetDependency */,
			);
			name = QuotaBarCoreTests;
			packageProductDependencies = (
			);
			productName = QuotaBarCoreTests;
			productReference = E0ED25351825E3ED779CA09E /* QuotaBarCoreTests.xctest */;
			productType = "com.apple.product-type.bundle.unit-test";
		};
		64EEF90BB697FB3F1F8941B1 /* QuotaBar */ = {
			isa = PBXNativeTarget;
			buildConfigurationList = 51522FC2F7E1BA7C059510A2 /* Build configuration list for PBXNativeTarget "QuotaBar" */;
			buildPhases = (
				C301063859D260F7D2CF12F1 /* Sources */,
				ABE9E2866FCE50FB15F87547 /* Resources */,
				B26D9C1D1535CE40159B4140 /* Frameworks */,
				F4C6FA207F677EAF67116A79 /* Embed Frameworks */,
				8DCB86EB47CBB624B2093A5F /* Embed Codex App Server */,
			);
			buildRules = (
			);
			dependencies = (
				4852340B41105016AE4588F7 /* PBXTargetDependency */,
			);
			name = QuotaBar;
			packageProductDependencies = (
			);
			productName = QuotaBar;
			productReference = 340D75FE53988F42B67F78C3 /* QuotaBar.app */;
			productType = "com.apple.product-type.application";
		};
/* End PBXNativeTarget section */

/* Begin PBXProject section */
		A3C68224B67F079DDA7707DD /* Project object */ = {
			isa = PBXProject;
			attributes = {
				BuildIndependentTargetsInParallel = YES;
				LastUpgradeCheck = 1430;
				TargetAttributes = {
					005D79EC49875AFDEC9D3979 = {
						ProvisioningStyle = Automatic;
					};
					2F10F16BFB671337B01B5E21 = {
						ProvisioningStyle = Automatic;
					};
					64EEF90BB697FB3F1F8941B1 = {
						ProvisioningStyle = Automatic;
					};
				};
			};
			buildConfigurationList = 39115C3B940A5770CAE403C4 /* Build configuration list for PBXProject "QuotaBar" */;
			developmentRegion = en;
			hasScannedForEncodings = 0;
			knownRegions = (
				Base,
				en,
			);
			mainGroup = 9DFE3A5EDD8BD856A58F2669;
			minimizedProjectReferenceProxies = 1;
			preferredProjectObjectVersion = 77;
			productRefGroup = 86EEC0ABD1A556BC49FD78F7 /* Products */;
			projectDirPath = "";
			projectRoot = "";
			targets = (
				005D79EC49875AFDEC9D3979 /* QuotaBarCore */,
				64EEF90BB697FB3F1F8941B1 /* QuotaBar */,
				2F10F16BFB671337B01B5E21 /* QuotaBarCoreTests */,
			);
		};
/* End PBXProject section */

/* Begin PBXResourcesBuildPhase section */
		ABE9E2866FCE50FB15F87547 /* Resources */ = {
			isa = PBXResourcesBuildPhase;
			buildActionMask = 2147483647;
			files = (
				108BD422317D69E4766A2634 /* Apache-2.0.txt in Resources */,
				02730749334AD84DBB6090A2 /* Assets.xcassets in Resources */,
				8B00F34D4400FDDF1BE77E46 /* PrivacyInfo.xcprivacy in Resources */,
				175BB74DB8FA3D5786CFB5F3 /* THIRD_PARTY_NOTICES.md in Resources */,
				5C78992FD039E3168DA1F2EC /* sponsor-alipay.jpg in Resources */,
				E020D2FCC47579335DA8E842 /* sponsor-wechat.jpg in Resources */,
			);
			runOnlyForDeploymentPostprocessing = 0;
		};
/* End PBXResourcesBuildPhase section */

/* Begin PBXShellScriptBuildPhase section */
		8DCB86EB47CBB624B2093A5F /* Embed Codex App Server */ = {
			isa = PBXShellScriptBuildPhase;
			alwaysOutOfDate = 1;
			buildActionMask = 2147483647;
			files = (
			);
			inputFileListPaths = (
			);
			inputPaths = (
			);
			name = "Embed Codex App Server";
			outputFileListPaths = (
			);
			outputPaths = (
			);
			runOnlyForDeploymentPostprocessing = 0;
			shellPath = /bin/sh;
			shellScript = "set -euo pipefail\nDESTINATION=\"${TARGET_BUILD_DIR}/${CONTENTS_FOLDER_PATH}/Helpers/codex\"\n\"${SRCROOT}/scripts/vendor_codex.sh\" \"${DESTINATION}\"\nIDENTITY=\"${EXPANDED_CODE_SIGN_IDENTITY:--}\"\nif [ \"${CODE_SIGNING_ALLOWED:-YES}\" = \"NO\" ]; then\n  # Unsigned Debug builds do not have a parent sandbox to inherit.\n  /usr/bin/codesign --force --sign - \"${DESTINATION}\"\nelse\n  /usr/bin/codesign --force --sign \"${IDENTITY}\" \\\n    --entitlements \"${SRCROOT}/Config/Helper.entitlements\" \\\n    \"${DESTINATION}\"\nfi\n";
		};
/* End PBXShellScriptBuildPhase section */

/* Begin PBXSourcesBuildPhase section */
		08C64308AEDA8F1F17D9A348 /* Sources */ = {
			isa = PBXSourcesBuildPhase;
			buildActionMask = 2147483647;
			files = (
				BE496B74C9C7B8FA2A850451 /* JSONValue.swift in Sources */,
				98C91B07E2D950276074CCE7 /* RateLimitModels.swift in Sources */,
			);
			runOnlyForDeploymentPostprocessing = 0;
		};
		C301063859D260F7D2CF12F1 /* Sources */ = {
			isa = PBXSourcesBuildPhase;
			buildActionMask = 2147483647;
			files = (
				4A27278C53638FAFA6ED0814 /* AppModel.swift in Sources */,
				07F9853491F1865895F39F54 /* CodexAppServerClient.swift in Sources */,
				9E1803870308D04499FF92AB /* MenuContentView.swift in Sources */,
				B71449D4A684EC7E7A4A05BC /* QuotaBarApp.swift in Sources */,
				02CF851EAB0F2698224C2F07 /* SettingsView.swift in Sources */,
				5E752AF984CCE8CFE2991C3D /* SponsorView.swift in Sources */,
			);
			runOnlyForDeploymentPostprocessing = 0;
		};
		FB56551BD0F7D0E1FF4EB006 /* Sources */ = {
			isa = PBXSourcesBuildPhase;
			buildActionMask = 2147483647;
			files = (
				98F7E845AAC2EE462874977F /* RateLimitParserTests.swift in Sources */,
			);
			runOnlyForDeploymentPostprocessing = 0;
		};
/* End PBXSourcesBuildPhase section */

/* Begin PBXTargetDependency section */
		4852340B41105016AE4588F7 /* PBXTargetDependency */ = {
			isa = PBXTargetDependency;
			target = 005D79EC49875AFDEC9D3979 /* QuotaBarCore */;
			targetProxy = 73D7FD5E4015415DD6E35CE2 /* PBXContainerItemProxy */;
		};
		856EE0A9EE186931519A8AEB /* PBXTargetDependency */ = {
			isa = PBXTargetDependency;
			target = 005D79EC49875AFDEC9D3979 /* QuotaBarCore */;
			targetProxy = 6CA2CF7747DD3843CF0DBBBF /* PBXContainerItemProxy */;
		};
/* End PBXTargetDependency section */

/* Begin XCBuildConfiguration section */
		00BF8B789947001C60A42D8B /* Debug */ = {
			isa = XCBuildConfiguration;
			buildSettings = {
				BUNDLE_LOADER = "$(TEST_HOST)";
				COMBINE_HIDPI_IMAGES = YES;
				GENERATE_INFOPLIST_FILE = YES;
				LD_RUNPATH_SEARCH_PATHS = (
					"$(inherited)",
					"@executable_path/../Frameworks",
					"@loader_path/../Frameworks",
				);
				PRODUCT_BUNDLE_IDENTIFIER = com.roketr.quotabar.tests;
				SDKROOT = macosx;
			};
			name = Debug;
		};
		14A459CEFDF1042436D15F72 /* Release */ = {
			isa = XCBuildConfiguration;
			buildSettings = {
				ASSETCATALOG_COMPILER_APPICON_NAME = AppIcon;
				CODE_SIGN_ENTITLEMENTS = Config/QuotaBar.entitlements;
				COMBINE_HIDPI_IMAGES = YES;
				GENERATE_INFOPLIST_FILE = NO;
				INFOPLIST_FILE = Config/Info.plist;
				LD_RUNPATH_SEARCH_PATHS = (
					"$(inherited)",
					"@executable_path/../Frameworks",
				);
				PRODUCT_BUNDLE_IDENTIFIER = com.roketr.quotabar;
				PRODUCT_NAME = QuotaBar;
				SDKROOT = macosx;
			};
			name = Release;
		};
		432550347EC43CFD161A4EDF /* Release */ = {
			isa = XCBuildConfiguration;
			buildSettings = {
				CODE_SIGN_IDENTITY = "";
				COMBINE_HIDPI_IMAGES = YES;
				CURRENT_PROJECT_VERSION = 1;
				DEFINES_MODULE = YES;
				DYLIB_COMPATIBILITY_VERSION = 1;
				DYLIB_CURRENT_VERSION = 1;
				DYLIB_INSTALL_NAME_BASE = "@rpath";
				GENERATE_INFOPLIST_FILE = YES;
				INSTALL_PATH = "$(LOCAL_LIBRARY_DIR)/Frameworks";
				LD_RUNPATH_SEARCH_PATHS = (
					"$(inherited)",
					"@executable_path/../Frameworks",
				);
				PRODUCT_BUNDLE_IDENTIFIER = com.roketr.quotabar.core;
				PRODUCT_NAME = QuotaBarCore;
				SDKROOT = macosx;
				SKIP_INSTALL = YES;
				VERSIONING_SYSTEM = "apple-generic";
			};
			name = Release;
		};
		6FAA520F137EC4AD9ADF6D1E /* Release */ = {
			isa = XCBuildConfiguration;
			buildSettings = {
				BUNDLE_LOADER = "$(TEST_HOST)";
				COMBINE_HIDPI_IMAGES = YES;
				GENERATE_INFOPLIST_FILE = YES;
				LD_RUNPATH_SEARCH_PATHS = (
					"$(inherited)",
					"@executable_path/../Frameworks",
					"@loader_path/../Frameworks",
				);
				PRODUCT_BUNDLE_IDENTIFIER = com.roketr.quotabar.tests;
				SDKROOT = macosx;
			};
			name = Release;
		};
		7C529A6241535FE890111B26 /* Debug */ = {
			isa = XCBuildConfiguration;
			buildSettings = {
				ASSETCATALOG_COMPILER_APPICON_NAME = AppIcon;
				CODE_SIGN_ENTITLEMENTS = Config/QuotaBar.entitlements;
				COMBINE_HIDPI_IMAGES = YES;
				GENERATE_INFOPLIST_FILE = NO;
				INFOPLIST_FILE = Config/Info.plist;
				LD_RUNPATH_SEARCH_PATHS = (
					"$(inherited)",
					"@executable_path/../Frameworks",
				);
				PRODUCT_BUNDLE_IDENTIFIER = com.roketr.quotabar;
				PRODUCT_NAME = QuotaBar;
				SDKROOT = macosx;
			};
			name = Debug;
		};
		BC762788F92B3285491E429E /* Debug */ = {
			isa = XCBuildConfiguration;
			buildSettings = {
				CODE_SIGN_IDENTITY = "";
				COMBINE_HIDPI_IMAGES = YES;
				CURRENT_PROJECT_VERSION = 1;
				DEFINES_MODULE = YES;
				DYLIB_COMPATIBILITY_VERSION = 1;
				DYLIB_CURRENT_VERSION = 1;
				DYLIB_INSTALL_NAME_BASE = "@rpath";
				GENERATE_INFOPLIST_FILE = YES;
				INSTALL_PATH = "$(LOCAL_LIBRARY_DIR)/Frameworks";
				LD_RUNPATH_SEARCH_PATHS = (
					"$(inherited)",
					"@executable_path/../Frameworks",
				);
				PRODUCT_BUNDLE_IDENTIFIER = com.roketr.quotabar.core;
				PRODUCT_NAME = QuotaBarCore;
				SDKROOT = macosx;
				SKIP_INSTALL = YES;
				VERSIONING_SYSTEM = "apple-generic";
			};
			name = Debug;
		};
		CB155796C2A7126191568FBC /* Release */ = {
			isa = XCBuildConfiguration;
			buildSettings = {
				ALWAYS_SEARCH_USER_PATHS = NO;
				ARCHS = arm64;
				CLANG_ANALYZER_NONNULL = YES;
				CLANG_ANALYZER_NUMBER_OBJECT_CONVERSION = YES_AGGRESSIVE;
				CLANG_CXX_LANGUAGE_STANDARD = "gnu++14";
				CLANG_CXX_LIBRARY = "libc++";
				CLANG_ENABLE_MODULES = YES;
				CLANG_ENABLE_OBJC_ARC = YES;
				CLANG_ENABLE_OBJC_WEAK = YES;
				CLANG_WARN_BLOCK_CAPTURE_AUTORELEASING = YES;
				CLANG_WARN_BOOL_CONVERSION = YES;
				CLANG_WARN_COMMA = YES;
				CLANG_WARN_CONSTANT_CONVERSION = YES;
				CLANG_WARN_DEPRECATED_OBJC_IMPLEMENTATIONS = YES;
				CLANG_WARN_DIRECT_OBJC_ISA_USAGE = YES_ERROR;
				CLANG_WARN_DOCUMENTATION_COMMENTS = YES;
				CLANG_WARN_EMPTY_BODY = YES;
				CLANG_WARN_ENUM_CONVERSION = YES;
				CLANG_WARN_INFINITE_RECURSION = YES;
				CLANG_WARN_INT_CONVERSION = YES;
				CLANG_WARN_NON_LITERAL_NULL_CONVERSION = YES;
				CLANG_WARN_OBJC_IMPLICIT_RETAIN_SELF = YES;
				CLANG_WARN_OBJC_LITERAL_CONVERSION = YES;
				CLANG_WARN_OBJC_ROOT_CLASS = YES_ERROR;
				CLANG_WARN_QUOTED_INCLUDE_IN_FRAMEWORK_HEADER = YES;
				CLANG_WARN_RANGE_LOOP_ANALYSIS = YES;
				CLANG_WARN_STRICT_PROTOTYPES = YES;
				CLANG_WARN_SUSPICIOUS_MOVE = YES;
				CLANG_WARN_UNGUARDED_AVAILABILITY = YES_AGGRESSIVE;
				CLANG_WARN_UNREACHABLE_CODE = YES;
				CLANG_WARN__DUPLICATE_METHOD_MATCH = YES;
				CODE_SIGN_STYLE = Automatic;
				COPY_PHASE_STRIP = NO;
				CURRENT_PROJECT_VERSION = 1;
				DEBUG_INFORMATION_FORMAT = "dwarf-with-dsym";
				DEVELOPMENT_LANGUAGE = "zh-Hans";
				ENABLE_HARDENED_RUNTIME = YES;
				ENABLE_NS_ASSERTIONS = NO;
				ENABLE_STRICT_OBJC_MSGSEND = YES;
				GCC_C_LANGUAGE_STANDARD = gnu11;
				GCC_NO_COMMON_BLOCKS = YES;
				GCC_WARN_64_TO_32_BIT_CONVERSION = YES;
				GCC_WARN_ABOUT_RETURN_TYPE = YES_ERROR;
				GCC_WARN_UNDECLARED_SELECTOR = YES;
				GCC_WARN_UNINITIALIZED_AUTOS = YES_AGGRESSIVE;
				GCC_WARN_UNUSED_FUNCTION = YES;
				GCC_WARN_UNUSED_VARIABLE = YES;
				MACOSX_DEPLOYMENT_TARGET = 14.0;
				MARKETING_VERSION = 1.0.0;
				MTL_ENABLE_DEBUG_INFO = NO;
				MTL_FAST_MATH = YES;
				PRODUCT_NAME = "$(TARGET_NAME)";
				SDKROOT = macosx;
				SWIFT_COMPILATION_MODE = wholemodule;
				SWIFT_OPTIMIZATION_LEVEL = "-O";
				SWIFT_VERSION = 5.0;
			};
			name = Release;
		};
		FC7C01A7DCB9B995F9C3A0D3 /* Debug */ = {
			isa = XCBuildConfiguration;
			buildSettings = {
				ALWAYS_SEARCH_USER_PATHS = NO;
				ARCHS = arm64;
				CLANG_ANALYZER_NONNULL = YES;
				CLANG_ANALYZER_NUMBER_OBJECT_CONVERSION = YES_AGGRESSIVE;
				CLANG_CXX_LANGUAGE_STANDARD = "gnu++14";
				CLANG_CXX_LIBRARY = "libc++";
				CLANG_ENABLE_MODULES = YES;
				CLANG_ENABLE_OBJC_ARC = YES;
				CLANG_ENABLE_OBJC_WEAK = YES;
				CLANG_WARN_BLOCK_CAPTURE_AUTORELEASING = YES;
				CLANG_WARN_BOOL_CONVERSION = YES;
				CLANG_WARN_COMMA = YES;
				CLANG_WARN_CONSTANT_CONVERSION = YES;
				CLANG_WARN_DEPRECATED_OBJC_IMPLEMENTATIONS = YES;
				CLANG_WARN_DIRECT_OBJC_ISA_USAGE = YES_ERROR;
				CLANG_WARN_DOCUMENTATION_COMMENTS = YES;
				CLANG_WARN_EMPTY_BODY = YES;
				CLANG_WARN_ENUM_CONVERSION = YES;
				CLANG_WARN_INFINITE_RECURSION = YES;
				CLANG_WARN_INT_CONVERSION = YES;
				CLANG_WARN_NON_LITERAL_NULL_CONVERSION = YES;
				CLANG_WARN_OBJC_IMPLICIT_RETAIN_SELF = YES;
				CLANG_WARN_OBJC_LITERAL_CONVERSION = YES;
				CLANG_WARN_OBJC_ROOT_CLASS = YES_ERROR;
				CLANG_WARN_QUOTED_INCLUDE_IN_FRAMEWORK_HEADER = YES;
				CLANG_WARN_RANGE_LOOP_ANALYSIS = YES;
				CLANG_WARN_STRICT_PROTOTYPES = YES;
				CLANG_WARN_SUSPICIOUS_MOVE = YES;
				CLANG_WARN_UNGUARDED_AVAILABILITY = YES_AGGRESSIVE;
				CLANG_WARN_UNREACHABLE_CODE = YES;
				CLANG_WARN__DUPLICATE_METHOD_MATCH = YES;
				CODE_SIGN_STYLE = Automatic;
				COPY_PHASE_STRIP = NO;
				CURRENT_PROJECT_VERSION = 1;
				DEBUG_INFORMATION_FORMAT = dwarf;
				DEVELOPMENT_LANGUAGE = "zh-Hans";
				ENABLE_HARDENED_RUNTIME = YES;
				ENABLE_STRICT_OBJC_MSGSEND = YES;
				ENABLE_TESTABILITY = YES;
				GCC_C_LANGUAGE_STANDARD = gnu11;
				GCC_DYNAMIC_NO_PIC = NO;
				GCC_NO_COMMON_BLOCKS = YES;
				GCC_OPTIMIZATION_LEVEL = 0;
				GCC_PREPROCESSOR_DEFINITIONS = (
					"$(inherited)",
					"DEBUG=1",
				);
				GCC_WARN_64_TO_32_BIT_CONVERSION = YES;
				GCC_WARN_ABOUT_RETURN_TYPE = YES_ERROR;
				GCC_WARN_UNDECLARED_SELECTOR = YES;
				GCC_WARN_UNINITIALIZED_AUTOS = YES_AGGRESSIVE;
				GCC_WARN_UNUSED_FUNCTION = YES;
				GCC_WARN_UNUSED_VARIABLE = YES;
				MACOSX_DEPLOYMENT_TARGET = 14.0;
				MARKETING_VERSION = 1.0.0;
				MTL_ENABLE_DEBUG_INFO = INCLUDE_SOURCE;
				MTL_FAST_MATH = YES;
				ONLY_ACTIVE_ARCH = YES;
				PRODUCT_NAME = "$(TARGET_NAME)";
				SDKROOT = macosx;
				SWIFT_ACTIVE_COMPILATION_CONDITIONS = DEBUG;
				SWIFT_OPTIMIZATION_LEVEL = "-Onone";
				SWIFT_VERSION = 5.0;
			};
			name = Debug;
		};
/* End XCBuildConfiguration section */

/* Begin XCConfigurationList section */
		39115C3B940A5770CAE403C4 /* Build configuration list for PBXProject "QuotaBar" */ = {
			isa = XCConfigurationList;
			buildConfigurations = (
				FC7C01A7DCB9B995F9C3A0D3 /* Debug */,
				CB155796C2A7126191568FBC /* Release */,
			);
			defaultConfigurationIsVisible = 0;
			defaultConfigurationName = Debug;
		};
		51522FC2F7E1BA7C059510A2 /* Build configuration list for PBXNativeTarget "QuotaBar" */ = {
			isa = XCConfigurationList;
			buildConfigurations = (
				7C529A6241535FE890111B26 /* Debug */,
				14A459CEFDF1042436D15F72 /* Release */,
			);
			defaultConfigurationIsVisible = 0;
			defaultConfigurationName = Debug;
		};
		AF629E11039861CF32340D6F /* Build configuration list for PBXNativeTarget "QuotaBarCoreTests" */ = {
			isa = XCConfigurationList;
			buildConfigurations = (
				00BF8B789947001C60A42D8B /* Debug */,
				6FAA520F137EC4AD9ADF6D1E /* Release */,
			);
			defaultConfigurationIsVisible = 0;
			defaultConfigurationName = Debug;
		};
		ECB6CBB7B202EFDE8890AD7F /* Build configuration list for PBXNativeTarget "QuotaBarCore" */ = {
			isa = XCConfigurationList;
			buildConfigurations = (
				BC762788F92B3285491E429E /* Debug */,
				432550347EC43CFD161A4EDF /* Release */,
			);
			defaultConfigurationIsVisible = 0;
			defaultConfigurationName = Debug;
		};
/* End XCConfigurationList section */
	};
	rootObject = A3C68224B67F079DDA7707DD /* Project object */;
}
